
Microsoft Visual Studio Solution File, Format Version 12.00
# Visual Studio Version 17
VisualStudioVersion = 17.9.34728.123
MinimumVisualStudioVersion = 10.0.40219.1
Project("{FAE04EC0-301F-11D3-BF4B-00C04F79EFBC}") = "TatryExplorer", "TatryExplorer\TatryExplorer.csproj", "{E7739EEB-783B-4538-B006-94D7EF17C243}"
EndProject
Global
	GlobalSection(SolutionConfigurationPlatforms) = preSolution
		Debug|Any CPU = Debug|Any CPU
		Release|Any CPU = Release|Any CPU
	EndGlobalSection
	GlobalSection(ProjectConfigurationPlatforms) = postSolution
		{E7739EEB-783B-4538-B006-94D7EF17C243}.Debug|Any CPU.ActiveCfg = Debug|Any CPU
		{E7739EEB-783B-4538-B006-94D7EF17C243}.Debug|Any CPU.Build.0 = Debug|Any CPU
		{E7739EEB-783B-4538-B006-94D7EF17C243}.Release|Any CPU.ActiveCfg = Release|Any CPU
		{E7739EEB-783B-4538-B006-94D7EF17C243}.Release|Any CPU.Build.0 = Release|Any CPU
	EndGlobalSection
	GlobalSection(SolutionProperties) = preSolution
		HideSolutionNode = FALSE
	EndGlobalSection
	GlobalSection(ExtensibilityGlobals) = postSolution
		SolutionGuid = {2AAF2EC0-48BA-48F9-A7FA-E1344266804B}
	EndGlobalSection
EndGlobal
